// !$*UTF8*$!
{
	archiveVersion = 1;
	classes = {
	};
	objectVersion = 46;
	objects = {

/* Begin PBXBuildFile section */
		54C4B0FCF4DA5E71CE99DFDA /* libPods.a in Frameworks */ = {isa = PBXBuildFile; fileRef = AEE0BEAA64DDC88A706AB2C4 /* libPods.a */; };
		5F1BCD581AB8BF9C003C56E7 /* repositoriodeAlbums.m in Sources */ = {isa = PBXBuildFile; fileRef = 5F1BCD571AB8BF9C003C56E7 /* repositoriodeAlbums.m */; };
		5F3ACEC11AAEABCB00BCCA5E /* Albums.m in Sources */ = {isa = PBXBuildFile; fileRef = 5F3ACEC01AAEABCB00BCCA5E /* Albums.m */; };
		5F3ACEC21AAEABCB00BCCA5E /* Albums.m in Sources */ = {isa = PBXBuildFile; fileRef = 5F3ACEC01AAEABCB00BCCA5E /* Albums.m */; };
		5FA2E3AC1A834245009E1D89 /* especiesVC.m in Sources */ = {isa = PBXBuildFile; fileRef = 5FA2E3AB1A834245009E1D89 /* especiesVC.m */; };
		5FFD6A6F1A85416500E053E1 /* menu_2.png in Resources */ = {isa = PBXBuildFile; fileRef = 5FFD6A6E1A85416500E053E1 /* menu_2.png */; };
		EA0FA3971A8A8620002E6C57 /* numeroDeFotos.png in Resources */ = {isa = PBXBuildFile; fileRef = EA0FA3961A8A8620002E6C57 /* numeroDeFotos.png */; };
		EA1266BE1A83E4B2005487A1 /* separatorCell.png in Resources */ = {isa = PBXBuildFile; fileRef = EA1266BD1A83E4B2005487A1 /* separatorCell.png */; };
		EA1266C81A84009B005487A1 /* fondoSideMenu.png in Resources */ = {isa = PBXBuildFile; fileRef = EA1266C71A84009B005487A1 /* fondoSideMenu.png */; };
		EA1266CC1A84032E005487A1 /* sideMenu1.png in Resources */ = {isa = PBXBuildFile; fileRef = EA1266C91A84032E005487A1 /* sideMenu1.png */; };
		EA1266CD1A84032E005487A1 /* sideMenu2.png in Resources */ = {isa = PBXBuildFile; fileRef = EA1266CA1A84032E005487A1 /* sideMenu2.png */; };
		EA1266D01A841D45005487A1 /* separatorSideMenu.png in Resources */ = {isa = PBXBuildFile; fileRef = EA1266CF1A841D45005487A1 /* separatorSideMenu.png */; };
		EA2B68461AA78D17000BB7FC /* session.m in Sources */ = {isa = PBXBuildFile; fileRef = EA2B68451AA78D17000BB7FC /* session.m */; };
		EA2F5CE11A9E7E34009EBF41 /* previewCell.m in Sources */ = {isa = PBXBuildFile; fileRef = EA2F5CE01A9E7E34009EBF41 /* previewCell.m */; };
		EA33493D1A94EF320084FAFF /* carreteVC.m in Sources */ = {isa = PBXBuildFile; fileRef = EA33493C1A94EF320084FAFF /* carreteVC.m */; };
		EA3349401A94F5AC0084FAFF /* PhotoCell.m in Sources */ = {isa = PBXBuildFile; fileRef = EA33493F1A94F5AC0084FAFF /* PhotoCell.m */; };
		EA35B7071A8A668400515AC3 /* returnOlvide.png in Resources */ = {isa = PBXBuildFile; fileRef = EA35B7061A8A668400515AC3 /* returnOlvide.png */; };
		EA3F6BAD1A96647700B4FC81 /* sideMenu.m in Sources */ = {isa = PBXBuildFile; fileRef = EA3F6BAC1A96647700B4FC81 /* sideMenu.m */; };
		EA3F6BB01A968D0F00B4FC81 /* idiomaVC.m in Sources */ = {isa = PBXBuildFile; fileRef = EA3F6BAF1A968D0F00B4FC81 /* idiomaVC.m */; };
		EA3F6BB31A96A40300B4FC81 /* galeriaCell.m in Sources */ = {isa = PBXBuildFile; fileRef = EA3F6BB21A96A40300B4FC81 /* galeriaCell.m */; };
		EA43C8041A9B80A5007465AB /* MediaPlayer.framework in Frameworks */ = {isa = PBXBuildFile; fileRef = EA43C8031A9B80A5007465AB /* MediaPlayer.framework */; };
		EA43C8081A9B8627007465AB /* AVFoundation.framework in Frameworks */ = {isa = PBXBuildFile; fileRef = EA43C8071A9B8627007465AB /* AVFoundation.framework */; };
		EA43C80F1A9B9AB0007465AB /* crearAlbumVC.m in Sources */ = {isa = PBXBuildFile; fileRef = EA43C80E1A9B9AB0007465AB /* crearAlbumVC.m */; };
		EA477FD01A890D6900C0F56E /* galeriasVC.m in Sources */ = {isa = PBXBuildFile; fileRef = EA477FCF1A890D6900C0F56E /* galeriasVC.m */; };
		EA477FD41A8915A100C0F56E /* marcoAlbum.png in Resources */ = {isa = PBXBuildFile; fileRef = EA477FD31A8915A100C0F56E /* marcoAlbum.png */; };
		EA616C1B1A9796B80041D90B /* selecAlbumTV.m in Sources */ = {isa = PBXBuildFile; fileRef = EA616C1A1A9796B80041D90B /* selecAlbumTV.m */; };
		EA81B8711A829E2500D77DEC /* main.m in Sources */ = {isa = PBXBuildFile; fileRef = EA81B8701A829E2500D77DEC /* main.m */; };
		EA81B8741A829E2500D77DEC /* AppDelegate.m in Sources */ = {isa = PBXBuildFile; fileRef = EA81B8731A829E2500D77DEC /* AppDelegate.m */; };
		EA81B8771A829E2500D77DEC /* alltech_final.xcdatamodeld in Sources */ = {isa = PBXBuildFile; fileRef = EA81B8751A829E2500D77DEC /* alltech_final.xcdatamodeld */; };
		EA81B87D1A829E2500D77DEC /* Main.storyboard in Resources */ = {isa = PBXBuildFile; fileRef = EA81B87B1A829E2500D77DEC /* Main.storyboard */; };
		EA81B87F1A829E2500D77DEC /* Images.xcassets in Resources */ = {isa = PBXBuildFile; fileRef = EA81B87E1A829E2500D77DEC /* Images.xcassets */; };
		EA81B8821A829E2500D77DEC /* LaunchScreen.xib in Resources */ = {isa = PBXBuildFile; fileRef = EA81B8801A829E2500D77DEC /* LaunchScreen.xib */; };
		EA81B88E1A829E2600D77DEC /* alltech_finalTests.m in Sources */ = {isa = PBXBuildFile; fileRef = EA81B88D1A829E2600D77DEC /* alltech_finalTests.m */; };
		EA81B89A1A829E6F00D77DEC /* SWRevealViewController.m in Sources */ = {isa = PBXBuildFile; fileRef = EA81B8991A829E6F00D77DEC /* SWRevealViewController.m */; };
		EA81B8E61A82C78A00D77DEC /* Aileron-Black.otf in Resources */ = {isa = PBXBuildFile; fileRef = EA81B8D61A82C78A00D77DEC /* Aileron-Black.otf */; };
		EA81B8E71A82C78A00D77DEC /* Aileron-BlackItalic.otf in Resources */ = {isa = PBXBuildFile; fileRef = EA81B8D71A82C78A00D77DEC /* Aileron-BlackItalic.otf */; };
		EA81B8E81A82C78A00D77DEC /* Aileron-Bold.otf in Resources */ = {isa = PBXBuildFile; fileRef = EA81B8D81A82C78A00D77DEC /* Aileron-Bold.otf */; };
		EA81B8E91A82C78A00D77DEC /* Aileron-BoldItalic.otf in Resources */ = {isa = PBXBuildFile; fileRef = EA81B8D91A82C78A00D77DEC /* Aileron-BoldItalic.otf */; };
		EA81B8EA1A82C78A00D77DEC /* Aileron-Heavy.otf in Resources */ = {isa = PBXBuildFile; fileRef = EA81B8DA1A82C78A00D77DEC /* Aileron-Heavy.otf */; };
		EA81B8EB1A82C78A00D77DEC /* Aileron-HeavyItalic.otf in Resources */ = {isa = PBXBuildFile; fileRef = EA81B8DB1A82C78A00D77DEC /* Aileron-HeavyItalic.otf */; };
		EA81B8EC1A82C78A00D77DEC /* Aileron-Italic.otf in Resources */ = {isa = PBXBuildFile; fileRef = EA81B8DC1A82C78A00D77DEC /* Aileron-Italic.otf */; };
		EA81B8ED1A82C78A00D77DEC /* Aileron-Light.otf in Resources */ = {isa = PBXBuildFile; fileRef = EA81B8DD1A82C78A00D77DEC /* Aileron-Light.otf */; };
		EA81B8EE1A82C78A00D77DEC /* Aileron-LightItalic.otf in Resources */ = {isa = PBXBuildFile; fileRef = EA81B8DE1A82C78A00D77DEC /* Aileron-LightItalic.otf */; };
		EA81B8EF1A82C78A00D77DEC /* Aileron-Regular.otf in Resources */ = {isa = PBXBuildFile; fileRef = EA81B8DF1A82C78A00D77DEC /* Aileron-Regular.otf */; };
		EA81B8F01A82C78A00D77DEC /* Aileron-SemiBold.otf in Resources */ = {isa = PBXBuildFile; fileRef = EA81B8E01A82C78A00D77DEC /* Aileron-SemiBold.otf */; };
		EA81B8F11A82C78A00D77DEC /* Aileron-SemiBoldItalic.otf in Resources */ = {isa = PBXBuildFile; fileRef = EA81B8E11A82C78A00D77DEC /* Aileron-SemiBoldItalic.otf */; };
		EA81B8F21A82C78A00D77DEC /* Aileron-Thin.otf in Resources */ = {isa = PBXBuildFile; fileRef = EA81B8E21A82C78A00D77DEC /* Aileron-Thin.otf */; };
		EA81B8F31A82C78A00D77DEC /* Aileron-ThinItalic.otf in Resources */ = {isa = PBXBuildFile; fileRef = EA81B8E31A82C78A00D77DEC /* Aileron-ThinItalic.otf */; };
		EA81B8F41A82C78A00D77DEC /* Aileron-UltraLight.otf in Resources */ = {isa = PBXBuildFile; fileRef = EA81B8E41A82C78A00D77DEC /* Aileron-UltraLight.otf */; };
		EA81B8F51A82C78A00D77DEC /* Aileron-UltraLightItalic.otf in Resources */ = {isa = PBXBuildFile; fileRef = EA81B8E51A82C78A00D77DEC /* Aileron-UltraLightItalic.otf */; };
		EA81B90B1A82C7A400D77DEC /* alltech_logo_naranja.png in Resources */ = {isa = PBXBuildFile; fileRef = EA81B8F61A82C7A400D77DEC /* alltech_logo_naranja.png */; };
		EA81B90C1A82C7A400D77DEC /* boton_2x.png in Resources */ = {isa = PBXBuildFile; fileRef = EA81B8F71A82C7A400D77DEC /* boton_2x.png */; };
		EA81B90D1A82C7A400D77DEC /* campo_texto_2x.png in Resources */ = {isa = PBXBuildFile; fileRef = EA81B8F81A82C7A400D77DEC /* campo_texto_2x.png */; };
		EA81B9121A82C7A400D77DEC /* fondo.png in Resources */ = {isa = PBXBuildFile; fileRef = EA81B8FD1A82C7A400D77DEC /* fondo.png */; };
		EA81B9131A82C7A400D77DEC /* icono_pass_2x.png in Resources */ = {isa = PBXBuildFile; fileRef = EA81B8FE1A82C7A400D77DEC /* icono_pass_2x.png */; };
		EA81B91A1A82C7A400D77DEC /* logo_alltech.png in Resources */ = {isa = PBXBuildFile; fileRef = EA81B9051A82C7A400D77DEC /* logo_alltech.png */; };
		EA81B91B1A82C7A400D77DEC /* logo_naranja.png in Resources */ = {isa = PBXBuildFile; fileRef = EA81B9061A82C7A400D77DEC /* logo_naranja.png */; };
		EA81B91D1A82C7A400D77DEC /* menu.png in Resources */ = {isa = PBXBuildFile; fileRef = EA81B9081A82C7A400D77DEC /* menu.png */; };
		EA81B91E1A82C7A400D77DEC /* menuIpad.png in Resources */ = {isa = PBXBuildFile; fileRef = EA81B9091A82C7A400D77DEC /* menuIpad.png */; };
		EA81B91F1A82C7A400D77DEC /* splashscreen_iphone.png in Resources */ = {isa = PBXBuildFile; fileRef = EA81B90A1A82C7A400D77DEC /* splashscreen_iphone.png */; };
		EA81B9261A82C7C100D77DEC /* loginVC.m in Sources */ = {isa = PBXBuildFile; fileRef = EA81B9211A82C7C100D77DEC /* loginVC.m */; };
		EA81B9281A82C7C100D77DEC /* ViewController.m in Sources */ = {isa = PBXBuildFile; fileRef = EA81B9251A82C7C100D77DEC /* ViewController.m */; };
		EA81B92E1A82E42600D77DEC /* productosVC.m in Sources */ = {isa = PBXBuildFile; fileRef = EA81B92D1A82E42600D77DEC /* productosVC.m */; };
		EA88944E1AC470D100FFC1AC /* SystemConfiguration.framework in Frameworks */ = {isa = PBXBuildFile; fileRef = EA88944D1AC470D100FFC1AC /* SystemConfiguration.framework */; };
		EA8894521AC4717F00FFC1AC /* Reachability.m in Sources */ = {isa = PBXBuildFile; fileRef = EA8894511AC4717F00FFC1AC /* Reachability.m */; };
		EA8B603E1A93BB7D00CA6059 /* AssetsLibrary.framework in Frameworks */ = {isa = PBXBuildFile; fileRef = EA8B603D1A93BB7D00CA6059 /* AssetsLibrary.framework */; };
		EA8B60421A93EEFA00CA6059 /* sideMenu3.png in Resources */ = {isa = PBXBuildFile; fileRef = EA8B60411A93EEFA00CA6059 /* sideMenu3.png */; };
		EA8E6E781A83CB4F00B2CDCC /* return.png in Resources */ = {isa = PBXBuildFile; fileRef = EA8E6E771A83CB4F00B2CDCC /* return.png */; };
		EAC2275D1AC0914200F68BCF /* video_iphone_1.mp4 in Resources */ = {isa = PBXBuildFile; fileRef = EAC2275C1AC0914200F68BCF /* video_iphone_1.mp4 */; };
		EAEB92BE1AC0BD8A00513283 /* photoGalerias.jpg in Resources */ = {isa = PBXBuildFile; fileRef = EAEB92BD1AC0BD8A00513283 /* photoGalerias.jpg */; };
		EAEB92C11AC0BF3D00513283 /* photo.jpg in Resources */ = {isa = PBXBuildFile; fileRef = EAEB92BF1AC0BF3D00513283 /* photo.jpg */; };
		EAEB92C21AC0BF3D00513283 /* photoEspecies.png in Resources */ = {isa = PBXBuildFile; fileRef = EAEB92C01AC0BF3D00513283 /* photoEspecies.png */; };
		EAFEDEDE1AA65E480059FCDB /* gradient23.png in Resources */ = {isa = PBXBuildFile; fileRef = EAFEDEDC1AA65E480059FCDB /* gradient23.png */; };
/* End PBXBuildFile section */

/* Begin PBXContainerItemProxy section */
		EA81B8881A829E2600D77DEC /* PBXContainerItemProxy */ = {
			isa = PBXContainerItemProxy;
			containerPortal = EA81B8631A829E2500D77DEC /* Project object */;
			proxyType = 1;
			remoteGlobalIDString = EA81B86A1A829E2500D77DEC;
			remoteInfo = alltech_final;
		};
/* End PBXContainerItemProxy section */

/* Begin PBXFileReference section */
		48B9FA0FF3A613C82C6AE267 /* Pods.release.xcconfig */ = {isa = PBXFileReference; includeInIndex = 1; lastKnownFileType = text.xcconfig; name = Pods.release.xcconfig; path = "Pods/Target Support Files/Pods/Pods.release.xcconfig"; sourceTree = "<group>"; };
		4C29EEC46AF0EFFF19CB2F0B /* Pods.debug.xcconfig */ = {isa = PBXFileReference; includeInIndex = 1; lastKnownFileType = text.xcconfig; name = Pods.debug.xcconfig; path = "Pods/Target Support Files/Pods/Pods.debug.xcconfig"; sourceTree = "<group>"; };
		5F1BCD561AB8BF9C003C56E7 /* repositoriodeAlbums.h */ = {isa = PBXFileReference; fileEncoding = 4; lastKnownFileType = sourcecode.c.h; path = repositoriodeAlbums.h; sourceTree = "<group>"; };
		5F1BCD571AB8BF9C003C56E7 /* repositoriodeAlbums.m */ = {isa = PBXFileReference; fileEncoding = 4; lastKnownFileType = sourcecode.c.objc; path = repositoriodeAlbums.m; sourceTree = "<group>"; };
		5F3ACEBF1AAEABCB00BCCA5E /* Albums.h */ = {isa = PBXFileReference; fileEncoding = 4; lastKnownFileType = sourcecode.c.h; path = Albums.h; sourceTree = "<group>"; };
		5F3ACEC01AAEABCB00BCCA5E /* Albums.m */ = {isa = PBXFileReference; fileEncoding = 4; lastKnownFileType = sourcecode.c.objc; path = Albums.m; sourceTree = "<group>"; };
		5FA2E3AA1A834245009E1D89 /* especiesVC.h */ = {isa = PBXFileReference; fileEncoding = 4; lastKnownFileType = sourcecode.c.h; path = especiesVC.h; sourceTree = "<group>"; };
		5FA2E3AB1A834245009E1D89 /* especiesVC.m */ = {isa = PBXFileReference; fileEncoding = 4; lastKnownFileType = sourcecode.c.objc; path = especiesVC.m; sourceTree = "<group>"; };
		5FFD6A6E1A85416500E053E1 /* menu_2.png */ = {isa = PBXFileReference; lastKnownFileType = image.png; path = menu_2.png; sourceTree = "<group>"; };
		AEE0BEAA64DDC88A706AB2C4 /* libPods.a */ = {isa = PBXFileReference; explicitFileType = archive.ar; includeInIndex = 0; path = libPods.a; sourceTree = BUILT_PRODUCTS_DIR; };
		EA0FA3961A8A8620002E6C57 /* numeroDeFotos.png */ = {isa = PBXFileReference; lastKnownFileType = image.png; path = numeroDeFotos.png; sourceTree = "<group>"; };
		EA1266BD1A83E4B2005487A1 /* separatorCell.png */ = {isa = PBXFileReference; lastKnownFileType = image.png; path = separatorCell.png; sourceTree = "<group>"; };
		EA1266C71A84009B005487A1 /* fondoSideMenu.png */ = {isa = PBXFileReference; lastKnownFileType = image.png; path = fondoSideMenu.png; sourceTree = "<group>"; };
		EA1266C91A84032E005487A1 /* sideMenu1.png */ = {isa = PBXFileReference; lastKnownFileType = image.png; path = sideMenu1.png; sourceTree = "<group>"; };
		EA1266CA1A84032E005487A1 /* sideMenu2.png */ = {isa = PBXFileReference; lastKnownFileType = image.png; path = sideMenu2.png; sourceTree = "<group>"; };
		EA1266CF1A841D45005487A1 /* separatorSideMenu.png */ = {isa = PBXFileReference; lastKnownFileType = image.png; path = separatorSideMenu.png; sourceTree = "<group>"; };
		EA2B68441AA78D17000BB7FC /* session.h */ = {isa = PBXFileReference; fileEncoding = 4; lastKnownFileType = sourcecode.c.h; path = session.h; sourceTree = "<group>"; };
		EA2B68451AA78D17000BB7FC /* session.m */ = {isa = PBXFileReference; fileEncoding = 4; lastKnownFileType = sourcecode.c.objc; path = session.m; sourceTree = "<group>"; };
		EA2F5CDF1A9E7E34009EBF41 /* previewCell.h */ = {isa = PBXFileReference; fileEncoding = 4; lastKnownFileType = sourcecode.c.h; path = previewCell.h; sourceTree = "<group>"; };
		EA2F5CE01A9E7E34009EBF41 /* previewCell.m */ = {isa = PBXFileReference; fileEncoding = 4; lastKnownFileType = sourcecode.c.objc; path = previewCell.m; sourceTree = "<group>"; };
		EA33493B1A94EF320084FAFF /* carreteVC.h */ = {isa = PBXFileReference; fileEncoding = 4; lastKnownFileType = sourcecode.c.h; path = carreteVC.h; sourceTree = "<group>"; };
		EA33493C1A94EF320084FAFF /* carreteVC.m */ = {isa = PBXFileReference; fileEncoding = 4; lastKnownFileType = sourcecode.c.objc; path = carreteVC.m; sourceTree = "<group>"; };
		EA33493E1A94F5AC0084FAFF /* PhotoCell.h */ = {isa = PBXFileReference; fileEncoding = 4; lastKnownFileType = sourcecode.c.h; path = PhotoCell.h; sourceTree = "<group>"; };
		EA33493F1A94F5AC0084FAFF /* PhotoCell.m */ = {isa = PBXFileReference; fileEncoding = 4; lastKnownFileType = sourcecode.c.objc; path = PhotoCell.m; sourceTree = "<group>"; };
		EA3349451A9547BB0084FAFF /* es-MX */ = {isa = PBXFileReference; lastKnownFileType = text.plist.strings; name = "es-MX"; path = "es-MX.lproj/Main.strings"; sourceTree = "<group>"; };
		EA3349461A9547BB0084FAFF /* es-MX */ = {isa = PBXFileReference; lastKnownFileType = text.plist.strings; name = "es-MX"; path = "es-MX.lproj/LaunchScreen.strings"; sourceTree = "<group>"; };
		EA35B7061A8A668400515AC3 /* returnOlvide.png */ = {isa = PBXFileReference; lastKnownFileType = image.png; path = returnOlvide.png; sourceTree = "<group>"; };
		EA3F6BAB1A96647700B4FC81 /* sideMenu.h */ = {isa = PBXFileReference; fileEncoding = 4; lastKnownFileType = sourcecode.c.h; path = sideMenu.h; sourceTree = "<group>"; };
		EA3F6BAC1A96647700B4FC81 /* sideMenu.m */ = {isa = PBXFileReference; fileEncoding = 4; lastKnownFileType = sourcecode.c.objc; path = sideMenu.m; sourceTree = "<group>"; };
		EA3F6BAE1A968D0E00B4FC81 /* idiomaVC.h */ = {isa = PBXFileReference; fileEncoding = 4; lastKnownFileType = sourcecode.c.h; path = idiomaVC.h; sourceTree = "<group>"; };
		EA3F6BAF1A968D0F00B4FC81 /* idiomaVC.m */ = {isa = PBXFileReference; fileEncoding = 4; lastKnownFileType = sourcecode.c.objc; path = idiomaVC.m; sourceTree = "<group>"; };
		EA3F6BB11A96A40300B4FC81 /* galeriaCell.h */ = {isa = PBXFileReference; fileEncoding = 4; lastKnownFileType = sourcecode.c.h; path = galeriaCell.h; sourceTree = "<group>"; };
		EA3F6BB21A96A40300B4FC81 /* galeriaCell.m */ = {isa = PBXFileReference; fileEncoding = 4; lastKnownFileType = sourcecode.c.objc; path = galeriaCell.m; sourceTree = "<group>"; };
		EA43C8031A9B80A5007465AB /* MediaPlayer.framework */ = {isa = PBXFileReference; lastKnownFileType = wrapper.framework; name = MediaPlayer.framework; path = System/Library/Frameworks/MediaPlayer.framework; sourceTree = SDKROOT; };
		EA43C8071A9B8627007465AB /* AVFoundation.framework */ = {isa = PBXFileReference; lastKnownFileType = wrapper.framework; name = AVFoundation.framework; path = System/Library/Frameworks/AVFoundation.framework; sourceTree = SDKROOT; };
		EA43C80D1A9B9AB0007465AB /* crearAlbumVC.h */ = {isa = PBXFileReference; fileEncoding = 4; lastKnownFileType = sourcecode.c.h; path = crearAlbumVC.h; sourceTree = "<group>"; };
		EA43C80E1A9B9AB0007465AB /* crearAlbumVC.m */ = {isa = PBXFileReference; fileEncoding = 4; lastKnownFileType = sourcecode.c.objc; path = crearAlbumVC.m; sourceTree = "<group>"; };
		EA477FCE1A890D6900C0F56E /* galeriasVC.h */ = {isa = PBXFileReference; fileEncoding = 4; lastKnownFileType = sourcecode.c.h; path = galeriasVC.h; sourceTree = "<group>"; };
		EA477FCF1A890D6900C0F56E /* galeriasVC.m */ = {isa = PBXFileReference; fileEncoding = 4; lastKnownFileType = sourcecode.c.objc; path = galeriasVC.m; sourceTree = "<group>"; };
		EA477FD31A8915A100C0F56E /* marcoAlbum.png */ = {isa = PBXFileReference; lastKnownFileType = image.png; path = marcoAlbum.png; sourceTree = "<group>"; };
		EA616C191A9796B80041D90B /* selecAlbumTV.h */ = {isa = PBXFileReference; fileEncoding = 4; lastKnownFileType = sourcecode.c.h; path = selecAlbumTV.h; sourceTree = "<group>"; };
		EA616C1A1A9796B80041D90B /* selecAlbumTV.m */ = {isa = PBXFileReference; fileEncoding = 4; lastKnownFileType = sourcecode.c.objc; path = selecAlbumTV.m; sourceTree = "<group>"; };
		EA81B86B1A829E2500D77DEC /* Alltech.app */ = {isa = PBXFileReference; explicitFileType = wrapper.application; includeInIndex = 0; path = Alltech.app; sourceTree = BUILT_PRODUCTS_DIR; };
		EA81B86F1A829E2500D77DEC /* Info.plist */ = {isa = PBXFileReference; lastKnownFileType = text.plist.xml; path = Info.plist; sourceTree = "<group>"; };
		EA81B8701A829E2500D77DEC /* main.m */ = {isa = PBXFileReference; lastKnownFileType = sourcecode.c.objc; path = main.m; sourceTree = "<group>"; };
		EA81B8721A829E2500D77DEC /* AppDelegate.h */ = {isa = PBXFileReference; lastKnownFileType = sourcecode.c.h; path = AppDelegate.h; sourceTree = "<group>"; };
		EA81B8731A829E2500D77DEC /* AppDelegate.m */ = {isa = PBXFileReference; lastKnownFileType = sourcecode.c.objc; path = AppDelegate.m; sourceTree = "<group>"; };
		EA81B8761A829E2500D77DEC /* alltech_final.xcdatamodel */ = {isa = PBXFileReference; lastKnownFileType = wrapper.xcdatamodel; path = alltech_final.xcdatamodel; sourceTree = "<group>"; };
		EA81B87C1A829E2500D77DEC /* Base */ = {isa = PBXFileReference; lastKnownFileType = file.storyboard; name = Base; path = Base.lproj/Main.storyboard; sourceTree = "<group>"; };
		EA81B87E1A829E2500D77DEC /* Images.xcassets */ = {isa = PBXFileReference; lastKnownFileType = folder.assetcatalog; path = Images.xcassets; sourceTree = "<group>"; };
		EA81B8811A829E2500D77DEC /* Base */ = {isa = PBXFileReference; lastKnownFileType = file.xib; name = Base; path = Base.lproj/LaunchScreen.xib; sourceTree = "<group>"; };
		EA81B8871A829E2600D77DEC /* AlltechTests.xctest */ = {isa = PBXFileReference; explicitFileType = wrapper.cfbundle; includeInIndex = 0; path = AlltechTests.xctest; sourceTree = BUILT_PRODUCTS_DIR; };
		EA81B88C1A829E2600D77DEC /* Info.plist */ = {isa = PBXFileReference; lastKnownFileType = text.plist.xml; path = Info.plist; sourceTree = "<group>"; };
		EA81B88D1A829E2600D77DEC /* alltech_finalTests.m */ = {isa = PBXFileReference; lastKnownFileType = sourcecode.c.objc; path = alltech_finalTests.m; sourceTree = "<group>"; };
		EA81B8981A829E6F00D77DEC /* SWRevealViewController.h */ = {isa = PBXFileReference; fileEncoding = 4; lastKnownFileType = sourcecode.c.h; path = SWRevealViewController.h; sourceTree = "<group>"; };
		EA81B8991A829E6F00D77DEC /* SWRevealViewController.m */ = {isa = PBXFileReference; fileEncoding = 4; lastKnownFileType = sourcecode.c.objc; path = SWRevealViewController.m; sourceTree = "<group>"; };
		EA81B8D61A82C78A00D77DEC /* Aileron-Black.otf */ = {isa = PBXFileReference; lastKnownFileType = file; name = "Aileron-Black.otf"; path = "alltech_final/Font/Aileron-Black.otf"; sourceTree = "<group>"; };
		EA81B8D71A82C78A00D77DEC /* Aileron-BlackItalic.otf */ = {isa = PBXFileReference; lastKnownFileType = file; name = "Aileron-BlackItalic.otf"; path = "alltech_final/Font/Aileron-BlackItalic.otf"; sourceTree = "<group>"; };
		EA81B8D81A82C78A00D77DEC /* Aileron-Bold.otf */ = {isa = PBXFileReference; lastKnownFileType = file; name = "Aileron-Bold.otf"; path = "alltech_final/Font/Aileron-Bold.otf"; sourceTree = "<group>"; };
		EA81B8D91A82C78A00D77DEC /* Aileron-BoldItalic.otf */ = {isa = PBXFileReference; lastKnownFileType = file; name = "Aileron-BoldItalic.otf"; path = "alltech_final/Font/Aileron-BoldItalic.otf"; sourceTree = "<group>"; };
		EA81B8DA1A82C78A00D77DEC /* Aileron-Heavy.otf */ = {isa = PBXFileReference; lastKnownFileType = file; name = "Aileron-Heavy.otf"; path = "alltech_final/Font/Aileron-Heavy.otf"; sourceTree = "<group>"; };
		EA81B8DB1A82C78A00D77DEC /* Aileron-HeavyItalic.otf */ = {isa = PBXFileReference; lastKnownFileType = file; name = "Aileron-HeavyItalic.otf"; path = "alltech_final/Font/Aileron-HeavyItalic.otf"; sourceTree = "<group>"; };
		EA81B8DC1A82C78A00D77DEC /* Aileron-Italic.otf */ = {isa = PBXFileReference; lastKnownFileType = file; name = "Aileron-Italic.otf"; path = "alltech_final/Font/Aileron-Italic.otf"; sourceTree = "<group>"; };
		EA81B8DD1A82C78A00D77DEC /* Aileron-Light.otf */ = {isa = PBXFileReference; lastKnownFileType = file; name = "Aileron-Light.otf"; path = "alltech_final/Font/Aileron-Light.otf"; sourceTree = "<group>"; };
		EA81B8DE1A82C78A00D77DEC /* Aileron-LightItalic.otf */ = {isa = PBXFileReference; lastKnownFileType = file; name = "Aileron-LightItalic.otf"; path = "alltech_final/Font/Aileron-LightItalic.otf"; sourceTree = "<group>"; };
		EA81B8DF1A82C78A00D77DEC /* Aileron-Regular.otf */ = {isa = PBXFileReference; lastKnownFileType = file; name = "Aileron-Regular.otf"; path = "alltech_final/Font/Aileron-Regular.otf"; sourceTree = "<group>"; };
		EA81B8E01A82C78A00D77DEC /* Aileron-SemiBold.otf */ = {isa = PBXFileReference; lastKnownFileType = file; name = "Aileron-SemiBold.otf"; path = "alltech_final/Font/Aileron-SemiBold.otf"; sourceTree = "<group>"; };
		EA81B8E11A82C78A00D77DEC /* Aileron-SemiBoldItalic.otf */ = {isa = PBXFileReference; lastKnownFileType = file; name = "Aileron-SemiBoldItalic.otf"; path = "alltech_final/Font/Aileron-SemiBoldItalic.otf"; sourceTree = "<group>"; };
		EA81B8E21A82C78A00D77DEC /* Aileron-Thin.otf */ = {isa = PBXFileReference; lastKnownFileType = file; name = "Aileron-Thin.otf"; path = "alltech_final/Font/Aileron-Thin.otf"; sourceTree = "<group>"; };
		EA81B8E31A82C78A00D77DEC /* Aileron-ThinItalic.otf */ = {isa = PBXFileReference; lastKnownFileType = file; name = "Aileron-ThinItalic.otf"; path = "alltech_final/Font/Aileron-ThinItalic.otf"; sourceTree = "<group>"; };
		EA81B8E41A82C78A00D77DEC /* Aileron-UltraLight.otf */ = {isa = PBXFileReference; lastKnownFileType = file; name = "Aileron-UltraLight.otf"; path = "alltech_final/Font/Aileron-UltraLight.otf"; sourceTree = "<group>"; };
		EA81B8E51A82C78A00D77DEC /* Aileron-UltraLightItalic.otf */ = {isa = PBXFileReference; lastKnownFileType = file; name = "Aileron-UltraLightItalic.otf"; path = "alltech_final/Font/Aileron-UltraLightItalic.otf"; sourceTree = "<group>"; };
		EA81B8F61A82C7A400D77DEC /* alltech_logo_naranja.png */ = {isa = PBXFileReference; lastKnownFileType = image.png; path = alltech_logo_naranja.png; sourceTree = "<group>"; };
		EA81B8F71A82C7A400D77DEC /* boton_2x.png */ = {isa = PBXFileReference; lastKnownFileType = image.png; path = boton_2x.png; sourceTree = "<group>"; };
		EA81B8F81A82C7A400D77DEC /* campo_texto_2x.png */ = {isa = PBXFileReference; lastKnownFileType = image.png; path = campo_texto_2x.png; sourceTree = "<group>"; };
		EA81B8FD1A82C7A400D77DEC /* fondo.png */ = {isa = PBXFileReference; lastKnownFileType = image.png; path = fondo.png; sourceTree = "<group>"; };
		EA81B8FE1A82C7A400D77DEC /* icono_pass_2x.png */ = {isa = PBXFileReference; lastKnownFileType = image.png; path = icono_pass_2x.png; sourceTree = "<group>"; };
		EA81B9051A82C7A400D77DEC /* logo_alltech.png */ = {isa = PBXFileReference; lastKnownFileType = image.png; path = logo_alltech.png; sourceTree = "<group>"; };
		EA81B9061A82C7A400D77DEC /* logo_naranja.png */ = {isa = PBXFileReference; lastKnownFileType = image.png; path = logo_naranja.png; sourceTree = "<group>"; };
		EA81B9081A82C7A400D77DEC /* menu.png */ = {isa = PBXFileReference; lastKnownFileType = image.png; path = menu.png; sourceTree = "<group>"; };
		EA81B9091A82C7A400D77DEC /* menuIpad.png */ = {isa = PBXFileReference; lastKnownFileType = image.png; path = menuIpad.png; sourceTree = "<group>"; };
		EA81B90A1A82C7A400D77DEC /* splashscreen_iphone.png */ = {isa = PBXFileReference; lastKnownFileType = image.png; path = splashscreen_iphone.png; sourceTree = "<group>"; };
		EA81B9201A82C7C100D77DEC /* loginVC.h */ = {isa = PBXFileReference; fileEncoding = 4; lastKnownFileType = sourcecode.c.h; path = loginVC.h; sourceTree = "<group>"; };
		EA81B9211A82C7C100D77DEC /* loginVC.m */ = {isa = PBXFileReference; fileEncoding = 4; lastKnownFileType = sourcecode.c.objc; path = loginVC.m; sourceTree = "<group>"; };
		EA81B9241A82C7C100D77DEC /* ViewController.h */ = {isa = PBXFileReference; fileEncoding = 4; lastKnownFileType = sourcecode.c.h; path = ViewController.h; sourceTree = "<group>"; };
		EA81B9251A82C7C100D77DEC /* ViewController.m */ = {isa = PBXFileReference; fileEncoding = 4; lastKnownFileType = sourcecode.c.objc; path = ViewController.m; sourceTree = "<group>"; };
		EA81B92C1A82E42600D77DEC /* productosVC.h */ = {isa = PBXFileReference; fileEncoding = 4; lastKnownFileType = sourcecode.c.h; path = productosVC.h; sourceTree = "<group>"; };
		EA81B92D1A82E42600D77DEC /* productosVC.m */ = {isa = PBXFileReference; fileEncoding = 4; lastKnownFileType = sourcecode.c.objc; path = productosVC.m; sourceTree = "<group>"; };
		EA88944D1AC470D100FFC1AC /* SystemConfiguration.framework */ = {isa = PBXFileReference; lastKnownFileType = wrapper.framework; name = SystemConfiguration.framework; path = System/Library/Frameworks/SystemConfiguration.framework; sourceTree = SDKROOT; };
		EA8894501AC4717F00FFC1AC /* Reachability.h */ = {isa = PBXFileReference; fileEncoding = 4; lastKnownFileType = sourcecode.c.h; path = Reachability.h; sourceTree = "<group>"; };
		EA8894511AC4717F00FFC1AC /* Reachability.m */ = {isa = PBXFileReference; fileEncoding = 4; lastKnownFileType = sourcecode.c.objc; path = Reachability.m; sourceTree = "<group>"; };
		EA8B603D1A93BB7D00CA6059 /* AssetsLibrary.framework */ = {isa = PBXFileReference; lastKnownFileType = wrapper.framework; name = AssetsLibrary.framework; path = System/Library/Frameworks/AssetsLibrary.framework; sourceTree = SDKROOT; };
		EA8B60411A93EEFA00CA6059 /* sideMenu3.png */ = {isa = PBXFileReference; lastKnownFileType = image.png; path = sideMenu3.png; sourceTree = "<group>"; };
		EA8E6E771A83CB4F00B2CDCC /* return.png */ = {isa = PBXFileReference; lastKnownFileType = image.png; path = return.png; sourceTree = "<group>"; };
		EAC2275C1AC0914200F68BCF /* video_iphone_1.mp4 */ = {isa = PBXFileReference; lastKnownFileType = file; path = video_iphone_1.mp4; sourceTree = "<group>"; };
		EAEB92BD1AC0BD8A00513283 /* photoGalerias.jpg */ = {isa = PBXFileReference; lastKnownFileType = image.jpeg; path = photoGalerias.jpg; sourceTree = "<group>"; };
		EAEB92BF1AC0BF3D00513283 /* photo.jpg */ = {isa = PBXFileReference; lastKnownFileType = image.jpeg; path = photo.jpg; sourceTree = "<group>"; };
		EAEB92C01AC0BF3D00513283 /* photoEspecies.png */ = {isa = PBXFileReference; lastKnownFileType = image.png; path = photoEspecies.png; sourceTree = "<group>"; };
		EAFEDEDC1AA65E480059FCDB /* gradient23.png */ = {isa = PBXFileReference; lastKnownFileType = image.png; path = gradient23.png; sourceTree = "<group>"; };
/* End PBXFileReference section */

/* Begin PBXFrameworksBuildPhase section */
		EA81B8681A829E2500D77DEC /* Frameworks */ = {
			isa = PBXFrameworksBuildPhase;
			buildActionMask = 2147483647;
			files = (
				EA88944E1AC470D100FFC1AC /* SystemConfiguration.framework in Frameworks */,
				EA43C8081A9B8627007465AB /* AVFoundation.framework in Frameworks */,
				EA43C8041A9B80A5007465AB /* MediaPlayer.framework in Frameworks */,
				EA8B603E1A93BB7D00CA6059 /* AssetsLibrary.framework in Frameworks */,
				54C4B0FCF4DA5E71CE99DFDA /* libPods.a in Frameworks */,
			);
			runOnlyForDeploymentPostprocessing = 0;
		};
		EA81B8841A829E2600D77DEC /* Frameworks */ = {
			isa = PBXFrameworksBuildPhase;
			buildActionMask = 2147483647;
			files = (
			);
			runOnlyForDeploymentPostprocessing = 0;
		};
/* End PBXFrameworksBuildPhase section */

/* Begin PBXGroup section */
		A6FDB59C9108DE29750C909F /* Frameworks */ = {
			isa = PBXGroup;
			children = (
				EA88944D1AC470D100FFC1AC /* SystemConfiguration.framework */,
				EA43C8071A9B8627007465AB /* AVFoundation.framework */,
				EA43C8031A9B80A5007465AB /* MediaPlayer.framework */,
				EA8B603D1A93BB7D00CA6059 /* AssetsLibrary.framework */,
				AEE0BEAA64DDC88A706AB2C4 /* libPods.a */,
			);
			name = Frameworks;
			sourceTree = "<group>";
		};
		AAD8AF481C8D2839CADA3F5A /* Pods */ = {
			isa = PBXGroup;
			children = (
				4C29EEC46AF0EFFF19CB2F0B /* Pods.debug.xcconfig */,
				48B9FA0FF3A613C82C6AE267 /* Pods.release.xcconfig */,
			);
			name = Pods;
			sourceTree = "<group>";
		};
		EA81B8621A829E2500D77DEC = {
			isa = PBXGroup;
			children = (
				EA81B86D1A829E2500D77DEC /* alltech_final */,
				EA81B88A1A829E2600D77DEC /* alltech_finalTests */,
				EA81B86C1A829E2500D77DEC /* Products */,
				AAD8AF481C8D2839CADA3F5A /* Pods */,
				A6FDB59C9108DE29750C909F /* Frameworks */,
			);
			sourceTree = "<group>";
		};
		EA81B86C1A829E2500D77DEC /* Products */ = {
			isa = PBXGroup;
			children = (
				EA81B86B1A829E2500D77DEC /* Alltech.app */,
				EA81B8871A829E2600D77DEC /* AlltechTests.xctest */,
			);
			name = Products;
			sourceTree = "<group>";
		};
		EA81B86D1A829E2500D77DEC /* alltech_final */ = {
			isa = PBXGroup;
			children = (
				EA88944F1AC4715C00FFC1AC /* Reachability */,
				EA81B8971A829E6F00D77DEC /* SWRevealViewController */,
				EA2B68441AA78D17000BB7FC /* session.h */,
				EA2B68451AA78D17000BB7FC /* session.m */,
				5F3ACEBF1AAEABCB00BCCA5E /* Albums.h */,
				5F3ACEC01AAEABCB00BCCA5E /* Albums.m */,
				5F1BCD561AB8BF9C003C56E7 /* repositoriodeAlbums.h */,
				5F1BCD571AB8BF9C003C56E7 /* repositoriodeAlbums.m */,
				EA81B8721A829E2500D77DEC /* AppDelegate.h */,
				EA81B8731A829E2500D77DEC /* AppDelegate.m */,
				EA81B9201A82C7C100D77DEC /* loginVC.h */,
				EA81B9211A82C7C100D77DEC /* loginVC.m */,
				EA81B9241A82C7C100D77DEC /* ViewController.h */,
				EA81B9251A82C7C100D77DEC /* ViewController.m */,
				EA81B92C1A82E42600D77DEC /* productosVC.h */,
				EA81B92D1A82E42600D77DEC /* productosVC.m */,
				5FA2E3AA1A834245009E1D89 /* especiesVC.h */,
				5FA2E3AB1A834245009E1D89 /* especiesVC.m */,
				EA477FCE1A890D6900C0F56E /* galeriasVC.h */,
				EA477FCF1A890D6900C0F56E /* galeriasVC.m */,
				EA3F6BB11A96A40300B4FC81 /* galeriaCell.h */,
				EA3F6BB21A96A40300B4FC81 /* galeriaCell.m */,
				EA3F6BAB1A96647700B4FC81 /* sideMenu.h */,
				EA3F6BAC1A96647700B4FC81 /* sideMenu.m */,
				EA3F6BAE1A968D0E00B4FC81 /* idiomaVC.h */,
				EA3F6BAF1A968D0F00B4FC81 /* idiomaVC.m */,
				EA616C191A9796B80041D90B /* selecAlbumTV.h */,
				EA616C1A1A9796B80041D90B /* selecAlbumTV.m */,
				EA43C80D1A9B9AB0007465AB /* crearAlbumVC.h */,
				EA43C80E1A9B9AB0007465AB /* crearAlbumVC.m */,
				EA2F5CDF1A9E7E34009EBF41 /* previewCell.h */,
				EA2F5CE01A9E7E34009EBF41 /* previewCell.m */,
				EA33493B1A94EF320084FAFF /* carreteVC.h */,
				EA33493C1A94EF320084FAFF /* carreteVC.m */,
				EA33493E1A94F5AC0084FAFF /* PhotoCell.h */,
				EA33493F1A94F5AC0084FAFF /* PhotoCell.m */,
				EA81B87B1A829E2500D77DEC /* Main.storyboard */,
				EA81B87E1A829E2500D77DEC /* Images.xcassets */,
				EA81B8801A829E2500D77DEC /* LaunchScreen.xib */,
				EA81B8751A829E2500D77DEC /* alltech_final.xcdatamodeld */,
				EAC2275B1AC0914200F68BCF /* Video */,
				EA81B8D21A82C22700D77DEC /* IMG */,
				EA81B8D11A82C21300D77DEC /* Font */,
				EA81B86E1A829E2500D77DEC /* Supporting Files */,
			);
			path = alltech_final;
			sourceTree = "<group>";
		};
		EA81B86E1A829E2500D77DEC /* Supporting Files */ = {
			isa = PBXGroup;
			children = (
				EA81B86F1A829E2500D77DEC /* Info.plist */,
				EA81B8701A829E2500D77DEC /* main.m */,
			);
			name = "Supporting Files";
			sourceTree = "<group>";
		};
		EA81B88A1A829E2600D77DEC /* alltech_finalTests */ = {
			isa = PBXGroup;
			children = (
				EA81B88D1A829E2600D77DEC /* alltech_finalTests.m */,
				EA81B88B1A829E2600D77DEC /* Supporting Files */,
			);
			path = alltech_finalTests;
			sourceTree = "<group>";
		};
		EA81B88B1A829E2600D77DEC /* Supporting Files */ = {
			isa = PBXGroup;
			children = (
				EA81B88C1A829E2600D77DEC /* Info.plist */,
			);
			name = "Supporting Files";
			sourceTree = "<group>";
		};
		EA81B8971A829E6F00D77DEC /* SWRevealViewController */ = {
			isa = PBXGroup;
			children = (
				EA81B8981A829E6F00D77DEC /* SWRevealViewController.h */,
				EA81B8991A829E6F00D77DEC /* SWRevealViewController.m */,
			);
			name = SWRevealViewController;
			path = ../SWRevealViewController;
			sourceTree = "<group>";
		};
		EA81B8D11A82C21300D77DEC /* Font */ = {
			isa = PBXGroup;
			children = (
				EA81B8D61A82C78A00D77DEC /* Aileron-Black.otf */,
				EA81B8D71A82C78A00D77DEC /* Aileron-BlackItalic.otf */,
				EA81B8D81A82C78A00D77DEC /* Aileron-Bold.otf */,
				EA81B8D91A82C78A00D77DEC /* Aileron-BoldItalic.otf */,
				EA81B8DA1A82C78A00D77DEC /* Aileron-Heavy.otf */,
				EA81B8DB1A82C78A00D77DEC /* Aileron-HeavyItalic.otf */,
				EA81B8DC1A82C78A00D77DEC /* Aileron-Italic.otf */,
				EA81B8DD1A82C78A00D77DEC /* Aileron-Light.otf */,
				EA81B8DE1A82C78A00D77DEC /* Aileron-LightItalic.otf */,
				EA81B8DF1A82C78A00D77DEC /* Aileron-Regular.otf */,
				EA81B8E01A82C78A00D77DEC /* Aileron-SemiBold.otf */,
				EA81B8E11A82C78A00D77DEC /* Aileron-SemiBoldItalic.otf */,
				EA81B8E21A82C78A00D77DEC /* Aileron-Thin.otf */,
				EA81B8E31A82C78A00D77DEC /* Aileron-ThinItalic.otf */,
				EA81B8E41A82C78A00D77DEC /* Aileron-UltraLight.otf */,
				EA81B8E51A82C78A00D77DEC /* Aileron-UltraLightItalic.otf */,
			);
			name = Font;
			path = ..;
			sourceTree = "<group>";
		};
		EA81B8D21A82C22700D77DEC /* IMG */ = {
			isa = PBXGroup;
			children = (
				EAEB92BF1AC0BF3D00513283 /* photo.jpg */,
				EAEB92C01AC0BF3D00513283 /* photoEspecies.png */,
				EAEB92BD1AC0BD8A00513283 /* photoGalerias.jpg */,
				EAFEDEDC1AA65E480059FCDB /* gradient23.png */,
				EA8B60411A93EEFA00CA6059 /* sideMenu3.png */,
				EA0FA3961A8A8620002E6C57 /* numeroDeFotos.png */,
				EA35B7061A8A668400515AC3 /* returnOlvide.png */,
				EA477FD31A8915A100C0F56E /* marcoAlbum.png */,
				5FFD6A6E1A85416500E053E1 /* menu_2.png */,
				EA1266CF1A841D45005487A1 /* separatorSideMenu.png */,
				EA1266C91A84032E005487A1 /* sideMenu1.png */,
				EA1266CA1A84032E005487A1 /* sideMenu2.png */,
				EA1266C71A84009B005487A1 /* fondoSideMenu.png */,
				EA1266BD1A83E4B2005487A1 /* separatorCell.png */,
				EA8E6E771A83CB4F00B2CDCC /* return.png */,
				EA81B8F61A82C7A400D77DEC /* alltech_logo_naranja.png */,
				EA81B8F71A82C7A400D77DEC /* boton_2x.png */,
				EA81B8F81A82C7A400D77DEC /* campo_texto_2x.png */,
				EA81B8FD1A82C7A400D77DEC /* fondo.png */,
				EA81B8FE1A82C7A400D77DEC /* icono_pass_2x.png */,
				EA81B9051A82C7A400D77DEC /* logo_alltech.png */,
				EA81B9061A82C7A400D77DEC /* logo_naranja.png */,
				EA81B9081A82C7A400D77DEC /* menu.png */,
				EA81B9091A82C7A400D77DEC /* menuIpad.png */,
				EA81B90A1A82C7A400D77DEC /* splashscreen_iphone.png */,
			);
			path = IMG;
			sourceTree = "<group>";
		};
		EA88944F1AC4715C00FFC1AC /* Reachability */ = {
			isa = PBXGroup;
			children = (
				EA8894501AC4717F00FFC1AC /* Reachability.h */,
				EA8894511AC4717F00FFC1AC /* Reachability.m */,
			);
			name = Reachability;
			sourceTree = "<group>";
		};
		EAC2275B1AC0914200F68BCF /* Video */ = {
			isa = PBXGroup;
			children = (
				EAC2275C1AC0914200F68BCF /* video_iphone_1.mp4 */,
			);
			name = Video;
			path = IMG/Video;
			sourceTree = "<group>";
		};
/* End PBXGroup section */

/* Begin PBXNativeTarget section */
		EA81B86A1A829E2500D77DEC /* Alltech */ = {
			isa = PBXNativeTarget;
			buildConfigurationList = EA81B8911A829E2600D77DEC /* Build configuration list for PBXNativeTarget "Alltech" */;
			buildPhases = (
				77FAB1E97693F06FE6D95FE0 /* Check Pods Manifest.lock */,
				EA81B8671A829E2500D77DEC /* Sources */,
				EA81B8681A829E2500D77DEC /* Frameworks */,
				EA81B8691A829E2500D77DEC /* Resources */,
				4A2214BAFFB39CF03DF5CF50 /* Copy Pods Resources */,
			);
			buildRules = (
			);
			dependencies = (
			);
			name = Alltech;
			productName = alltech_final;
			productReference = EA81B86B1A829E2500D77DEC /* Alltech.app */;
			productType = "com.apple.product-type.application";
		};
		EA81B8861A829E2600D77DEC /* AlltechTests */ = {
			isa = PBXNativeTarget;
			buildConfigurationList = EA81B8941A829E2600D77DEC /* Build configuration list for PBXNativeTarget "AlltechTests" */;
			buildPhases = (
				EA81B8831A829E2600D77DEC /* Sources */,
				EA81B8841A829E2600D77DEC /* Frameworks */,
				EA81B8851A829E2600D77DEC /* Resources */,
			);
			buildRules = (
			);
			dependencies = (
				EA81B8891A829E2600D77DEC /* PBXTargetDependency */,
			);
			name = AlltechTests;
			productName = alltech_finalTests;
			productReference = EA81B8871A829E2600D77DEC /* AlltechTests.xctest */;
			productType = "com.apple.product-type.bundle.unit-test";
		};
/* End PBXNativeTarget section */

/* Begin PBXProject section */
		EA81B8631A829E2500D77DEC /* Project object */ = {
			isa = PBXProject;
			attributes = {
				LastUpgradeCheck = 0610;
				ORGANIZATIONNAME = "Tejuino developers";
				TargetAttributes = {
					EA81B86A1A829E2500D77DEC = {
						CreatedOnToolsVersion = 6.1.1;
						DevelopmentTeam = BP6E7887YV;
					};
					EA81B8861A829E2600D77DEC = {
						CreatedOnToolsVersion = 6.1.1;
						DevelopmentTeam = BP6E7887YV;
						TestTargetID = EA81B86A1A829E2500D77DEC;
					};
				};
			};
			buildConfigurationList = EA81B8661A829E2500D77DEC /* Build configuration list for PBXProject "Alltech" */;
			compatibilityVersion = "Xcode 3.2";
			developmentRegion = English;
			hasScannedForEncodings = 0;
			knownRegions = (
				en,
				Base,
			);
			mainGroup = EA81B8621A829E2500D77DEC;
			productRefGroup = EA81B86C1A829E2500D77DEC /* Products */;
			projectDirPath = "";
			projectRoot = "";
			targets = (
				EA81B86A1A829E2500D77DEC /* Alltech */,
				EA81B8861A829E2600D77DEC /* AlltechTests */,
			);
		};
/* End PBXProject section */

/* Begin PBXResourcesBuildPhase section */
		EA81B8691A829E2500D77DEC /* Resources */ = {
			isa = PBXResourcesBuildPhase;
			buildActionMask = 2147483647;
			files = (
				EA81B8EB1A82C78A00D77DEC /* Aileron-HeavyItalic.otf in Resources */,
				EA81B8EF1A82C78A00D77DEC /* Aileron-Regular.otf in Resources */,
				EA81B8E71A82C78A00D77DEC /* Aileron-BlackItalic.otf in Resources */,
				EA1266CC1A84032E005487A1 /* sideMenu1.png in Resources */,
				EA8B60421A93EEFA00CA6059 /* sideMenu3.png in Resources */,
				EA81B9131A82C7A400D77DEC /* icono_pass_2x.png in Resources */,
				EA81B8EC1A82C78A00D77DEC /* Aileron-Italic.otf in Resources */,
				EA81B8F11A82C78A00D77DEC /* Aileron-SemiBoldItalic.otf in Resources */,
				EA1266BE1A83E4B2005487A1 /* separatorCell.png in Resources */,
				EA81B8E91A82C78A00D77DEC /* Aileron-BoldItalic.otf in Resources */,
				EAEB92C11AC0BF3D00513283 /* photo.jpg in Resources */,
				EA81B8E61A82C78A00D77DEC /* Aileron-Black.otf in Resources */,
				EA81B8F31A82C78A00D77DEC /* Aileron-ThinItalic.otf in Resources */,
				EA81B91D1A82C7A400D77DEC /* menu.png in Resources */,
				EA81B8ED1A82C78A00D77DEC /* Aileron-Light.otf in Resources */,
				EAC2275D1AC0914200F68BCF /* video_iphone_1.mp4 in Resources */,
				EA35B7071A8A668400515AC3 /* returnOlvide.png in Resources */,
				EAEB92C21AC0BF3D00513283 /* photoEspecies.png in Resources */,
				EA8E6E781A83CB4F00B2CDCC /* return.png in Resources */,
				EA1266D01A841D45005487A1 /* separatorSideMenu.png in Resources */,
				EA477FD41A8915A100C0F56E /* marcoAlbum.png in Resources */,
				EA81B90D1A82C7A400D77DEC /* campo_texto_2x.png in Resources */,
				EA81B91B1A82C7A400D77DEC /* logo_naranja.png in Resources */,
				5FFD6A6F1A85416500E053E1 /* menu_2.png in Resources */,
				EA81B8EA1A82C78A00D77DEC /* Aileron-Heavy.otf in Resources */,
				EA81B90B1A82C7A400D77DEC /* alltech_logo_naranja.png in Resources */,
				EA0FA3971A8A8620002E6C57 /* numeroDeFotos.png in Resources */,
				EA81B8F21A82C78A00D77DEC /* Aileron-Thin.otf in Resources */,
				EA81B91F1A82C7A400D77DEC /* splashscreen_iphone.png in Resources */,
				EA81B8F41A82C78A00D77DEC /* Aileron-UltraLight.otf in Resources */,
				EA81B8EE1A82C78A00D77DEC /* Aileron-LightItalic.otf in Resources */,
				EA1266CD1A84032E005487A1 /* sideMenu2.png in Resources */,
				EA81B8F51A82C78A00D77DEC /* Aileron-UltraLightItalic.otf in Resources */,
				EAFEDEDE1AA65E480059FCDB /* gradient23.png in Resources */,
				EA81B8F01A82C78A00D77DEC /* Aileron-SemiBold.otf in Resources */,
				EA81B87D1A829E2500D77DEC /* Main.storyboard in Resources */,
				EAEB92BE1AC0BD8A00513283 /* photoGalerias.jpg in Resources */,
				EA81B8E81A82C78A00D77DEC /* Aileron-Bold.otf in Resources */,
				EA81B9121A82C7A400D77DEC /* fondo.png in Resources */,
				EA81B91E1A82C7A400D77DEC /* menuIpad.png in Resources */,
				EA81B91A1A82C7A400D77DEC /* logo_alltech.png in Resources */,
				EA81B90C1A82C7A400D77DEC /* boton_2x.png in Resources */,
				EA81B8821A829E2500D77DEC /* LaunchScreen.xib in Resources */,
				EA1266C81A84009B005487A1 /* fondoSideMenu.png in Resources */,
				EA81B87F1A829E2500D77DEC /* Images.xcassets in Resources */,
			);
			runOnlyForDeploymentPostprocessing = 0;
		};
		EA81B8851A829E2600D77DEC /* Resources */ = {
			isa = PBXResourcesBuildPhase;
			buildActionMask = 2147483647;
			files = (
			);
			runOnlyForDeploymentPostprocessing = 0;
		};
/* End PBXResourcesBuildPhase section */

/* Begin PBXShellScriptBuildPhase section */
		4A2214BAFFB39CF03DF5CF50 /* Copy Pods Resources */ = {
			isa = PBXShellScriptBuildPhase;
			buildActionMask = 2147483647;
			files = (
			);
			inputPaths = (
			);
			name = "Copy Pods Resources";
			outputPaths = (
			);
			runOnlyForDeploymentPostprocessing = 0;
			shellPath = /bin/sh;
			shellScript = "\"${SRCROOT}/Pods/Target Support Files/Pods/Pods-resources.sh\"\n";
			showEnvVarsInLog = 0;
		};
		77FAB1E97693F06FE6D95FE0 /* Check Pods Manifest.lock */ = {
			isa = PBXShellScriptBuildPhase;
			buildActionMask = 2147483647;
			files = (
			);
			inputPaths = (
			);
			name = "Check Pods Manifest.lock";
			outputPaths = (
			);
			runOnlyForDeploymentPostprocessing = 0;
			shellPath = /bin/sh;
			shellScript = "diff \"${PODS_ROOT}/../Podfile.lock\" \"${PODS_ROOT}/Manifest.lock\" > /dev/null\nif [[ $? != 0 ]] ; then\n    cat << EOM\nerror: The sandbox is not in sync with the Podfile.lock. Run 'pod install' or update your CocoaPods installation.\nEOM\n    exit 1\nfi\n";
			showEnvVarsInLog = 0;
		};
/* End PBXShellScriptBuildPhase section */

/* Begin PBXSourcesBuildPhase section */
		EA81B8671A829E2500D77DEC /* Sources */ = {
			isa = PBXSourcesBuildPhase;
			buildActionMask = 2147483647;
			files = (
				EA81B9281A82C7C100D77DEC /* ViewController.m in Sources */,
				EA2F5CE11A9E7E34009EBF41 /* previewCell.m in Sources */,
				5FA2E3AC1A834245009E1D89 /* especiesVC.m in Sources */,
				EA477FD01A890D6900C0F56E /* galeriasVC.m in Sources */,
				5F1BCD581AB8BF9C003C56E7 /* repositoriodeAlbums.m in Sources */,
				EA2B68461AA78D17000BB7FC /* session.m in Sources */,
				EA616C1B1A9796B80041D90B /* selecAlbumTV.m in Sources */,
				EA81B92E1A82E42600D77DEC /* productosVC.m in Sources */,
				EA81B9261A82C7C100D77DEC /* loginVC.m in Sources */,
				EA33493D1A94EF320084FAFF /* carreteVC.m in Sources */,
				EA8894521AC4717F00FFC1AC /* Reachability.m in Sources */,
				EA81B8741A829E2500D77DEC /* AppDelegate.m in Sources */,
				EA3F6BB01A968D0F00B4FC81 /* idiomaVC.m in Sources */,
				EA43C80F1A9B9AB0007465AB /* crearAlbumVC.m in Sources */,
				5F3ACEC11AAEABCB00BCCA5E /* Albums.m in Sources */,
				EA81B8711A829E2500D77DEC /* main.m in Sources */,
				EA81B89A1A829E6F00D77DEC /* SWRevealViewController.m in Sources */,
				EA3349401A94F5AC0084FAFF /* PhotoCell.m in Sources */,
				EA3F6BAD1A96647700B4FC81 /* sideMenu.m in Sources */,
				EA3F6BB31A96A40300B4FC81 /* galeriaCell.m in Sources */,
				EA81B8771A829E2500D77DEC /* alltech_final.xcdatamodeld in Sources */,
			);
			runOnlyForDeploymentPostprocessing = 0;
		};
		EA81B8831A829E2600D77DEC /* Sources */ = {
			isa = PBXSourcesBuildPhase;
			buildActionMask = 2147483647;
			files = (
				EA81B88E1A829E2600D77DEC /* alltech_finalTests.m in Sources */,
				5F3ACEC21AAEABCB00BCCA5E /* Albums.m in Sources */,
			);
			runOnlyForDeploymentPostprocessing = 0;
		};
/* End PBXSourcesBuildPhase section */

/* Begin PBXTargetDependency section */
		EA81B8891A829E2600D77DEC /* PBXTargetDependency */ = {
			isa = PBXTargetDependency;
			target = EA81B86A1A829E2500D77DEC /* Alltech */;
			targetProxy = EA81B8881A829E2600D77DEC /* PBXContainerItemProxy */;
		};
/* End PBXTargetDependency section */

/* Begin PBXVariantGroup section */
		EA81B87B1A829E2500D77DEC /* Main.storyboard */ = {
			isa = PBXVariantGroup;
			children = (
				EA81B87C1A829E2500D77DEC /* Base */,
				EA3349451A9547BB0084FAFF /* es-MX */,
			);
			name = Main.storyboard;
			sourceTree = "<group>";
		};
		EA81B8801A829E2500D77DEC /* LaunchScreen.xib */ = {
			isa = PBXVariantGroup;
			children = (
				EA81B8811A829E2500D77DEC /* Base */,
				EA3349461A9547BB0084FAFF /* es-MX */,
			);
			name = LaunchScreen.xib;
			sourceTree = "<group>";
		};
/* End PBXVariantGroup section */

/* Begin XCBuildConfiguration section */
		EA81B88F1A829E2600D77DEC /* Debug */ = {
			isa = XCBuildConfiguration;
			buildSettings = {
				ALWAYS_SEARCH_USER_PATHS = NO;
				CLANG_CXX_LANGUAGE_STANDARD = "gnu++0x";
				CLANG_CXX_LIBRARY = "libc++";
				CLANG_ENABLE_MODULES = YES;
				CLANG_ENABLE_OBJC_ARC = YES;
				CLANG_WARN_BOOL_CONVERSION = YES;
				CLANG_WARN_CONSTANT_CONVERSION = YES;
				CLANG_WARN_DIRECT_OBJC_ISA_USAGE = YES_ERROR;
				CLANG_WARN_EMPTY_BODY = YES;
				CLANG_WARN_ENUM_CONVERSION = YES;
				CLANG_WARN_INT_CONVERSION = YES;
				CLANG_WARN_OBJC_ROOT_CLASS = YES_ERROR;
				CLANG_WARN_UNREACHABLE_CODE = YES;
				CLANG_WARN__DUPLICATE_METHOD_MATCH = YES;
				"CODE_SIGN_IDENTITY[sdk=iphoneos*]" = "iPhone Developer";
				COPY_PHASE_STRIP = NO;
				ENABLE_STRICT_OBJC_MSGSEND = YES;
				GCC_C_LANGUAGE_STANDARD = gnu99;
				GCC_DYNAMIC_NO_PIC = NO;
				GCC_OPTIMIZATION_LEVEL = 0;
				GCC_PREPROCESSOR_DEFINITIONS = (
					"DEBUG=1",
					"$(inherited)",
				);
				GCC_SYMBOLS_PRIVATE_EXTERN = NO;
				GCC_WARN_64_TO_32_BIT_CONVERSION = YES;
				GCC_WARN_ABOUT_RETURN_TYPE = YES_ERROR;
				GCC_WARN_UNDECLARED_SELECTOR = YES;
				GCC_WARN_UNINITIALIZED_AUTOS = YES_AGGRESSIVE;
				GCC_WARN_UNUSED_FUNCTION = YES;
				GCC_WARN_UNUSED_VARIABLE = YES;
				IPHONEOS_DEPLOYMENT_TARGET = 8.1;
				MTL_ENABLE_DEBUG_INFO = YES;
				ONLY_ACTIVE_ARCH = YES;
				PROVISIONING_PROFILE = "d9624e1e-d51f-4fc0-8170-1bd05ee0b5b7";
				SDKROOT = iphoneos;
				TARGETED_DEVICE_FAMILY = "1,2";
			};
			name = Debug;
		};
		EA81B8901A829E2600D77DEC /* Release */ = {
			isa = XCBuildConfiguration;
			buildSettings = {
				ALWAYS_SEARCH_USER_PATHS = NO;
				CLANG_CXX_LANGUAGE_STANDARD = "gnu++0x";
				CLANG_CXX_LIBRARY = "libc++";
				CLANG_ENABLE_MODULES = YES;
				CLANG_ENABLE_OBJC_ARC = YES;
				CLANG_WARN_BOOL_CONVERSION = YES;
				CLANG_WARN_CONSTANT_CONVERSION = YES;
				CLANG_WARN_DIRECT_OBJC_ISA_USAGE = YES_ERROR;
				CLANG_WARN_EMPTY_BODY = YES;
				CLANG_WARN_ENUM_CONVERSION = YES;
				CLANG_WARN_INT_CONVERSION = YES;
				CLANG_WARN_OBJC_ROOT_CLASS = YES_ERROR;
				CLANG_WARN_UNREACHABLE_CODE = YES;
				CLANG_WARN__DUPLICATE_METHOD_MATCH = YES;
				"CODE_SIGN_IDENTITY[sdk=iphoneos*]" = "iPhone Developer";
				COPY_PHASE_STRIP = YES;
				ENABLE_NS_ASSERTIONS = NO;
				ENABLE_STRICT_OBJC_MSGSEND = YES;
				GCC_C_LANGUAGE_STANDARD = gnu99;
				GCC_WARN_64_TO_32_BIT_CONVERSION = YES;
				GCC_WARN_ABOUT_RETURN_TYPE = YES_ERROR;
				GCC_WARN_UNDECLARED_SELECTOR = YES;
				GCC_WARN_UNINITIALIZED_AUTOS = YES_AGGRESSIVE;
				GCC_WARN_UNUSED_FUNCTION = YES;
				GCC_WARN_UNUSED_VARIABLE = YES;
				IPHONEOS_DEPLOYMENT_TARGET = 8.1;
				MTL_ENABLE_DEBUG_INFO = NO;
				PROVISIONING_PROFILE = "d9624e1e-d51f-4fc0-8170-1bd05ee0b5b7";
				SDKROOT = iphoneos;
				TARGETED_DEVICE_FAMILY = "1,2";
				VALIDATE_PRODUCT = YES;
			};
			name = Release;
		};
		EA81B8921A829E2600D77DEC /* Debug */ = {
			isa = XCBuildConfiguration;
			baseConfigurationReference = 4C29EEC46AF0EFFF19CB2F0B /* Pods.debug.xcconfig */;
			buildSettings = {
				ASSETCATALOG_COMPILER_APPICON_NAME = AppIcon;
				ASSETCATALOG_COMPILER_LAUNCHIMAGE_NAME = LaunchImage;
				CODE_SIGN_IDENTITY = "iPhone Distribution: Gerardo Torres Amezcua (BP6E7887YV)";
				"CODE_SIGN_IDENTITY[sdk=iphoneos*]" = "iPhone Developer";
				INFOPLIST_FILE = alltech_final/Info.plist;
				IPHONEOS_DEPLOYMENT_TARGET = 7.0;
				LD_RUNPATH_SEARCH_PATHS = "$(inherited) @executable_path/Frameworks";
				PRODUCT_NAME = Alltech;
				PROVISIONING_PROFILE = "";
				TARGETED_DEVICE_FAMILY = "1,2";
			};
			name = Debug;
		};
		EA81B8931A829E2600D77DEC /* Release */ = {
			isa = XCBuildConfiguration;
			baseConfigurationReference = 48B9FA0FF3A613C82C6AE267 /* Pods.release.xcconfig */;
			buildSettings = {
				ASSETCATALOG_COMPILER_APPICON_NAME = AppIcon;
				ASSETCATALOG_COMPILER_LAUNCHIMAGE_NAME = LaunchImage;
				CODE_SIGN_IDENTITY = "iPhone Distribution: Gerardo Torres Amezcua (BP6E7887YV)";
				"CODE_SIGN_IDENTITY[sdk=iphoneos*]" = "iPhone Developer";
				INFOPLIST_FILE = alltech_final/Info.plist;
				IPHONEOS_DEPLOYMENT_TARGET = 7.0;
				LD_RUNPATH_SEARCH_PATHS = "$(inherited) @executable_path/Frameworks";
				PRODUCT_NAME = Alltech;
				PROVISIONING_PROFILE = "";
				TARGETED_DEVICE_FAMILY = "1,2";
			};
			name = Release;
		};
		EA81B8951A829E2600D77DEC /* Debug */ = {
			isa = XCBuildConfiguration;
			buildSettings = {
				BUNDLE_LOADER = "$(TEST_HOST)";
				CODE_SIGN_IDENTITY = "iPhone Developer";
				"CODE_SIGN_IDENTITY[sdk=iphoneos*]" = "iPhone Developer";
				FRAMEWORK_SEARCH_PATHS = (
					"$(SDKROOT)/Developer/Library/Frameworks",
					"$(inherited)",
				);
				GCC_PREPROCESSOR_DEFINITIONS = (
					"DEBUG=1",
					"$(inherited)",
				);
				INFOPLIST_FILE = alltech_finalTests/Info.plist;
				LD_RUNPATH_SEARCH_PATHS = "$(inherited) @executable_path/Frameworks @loader_path/Frameworks";
				PRODUCT_NAME = AlltechTests;
				PROVISIONING_PROFILE = "";
				TEST_HOST = "$(BUILT_PRODUCTS_DIR)/Alltech.app/Alltech";
			};
			name = Debug;
		};
		EA81B8961A829E2600D77DEC /* Release */ = {
			isa = XCBuildConfiguration;
			buildSettings = {
				BUNDLE_LOADER = "$(TEST_HOST)";
				CODE_SIGN_IDENTITY = "iPhone Developer";
				"CODE_SIGN_IDENTITY[sdk=iphoneos*]" = "iPhone Developer";
				FRAMEWORK_SEARCH_PATHS = (
					"$(SDKROOT)/Developer/Library/Frameworks",
					"$(inherited)",
				);
				INFOPLIST_FILE = alltech_finalTests/Info.plist;
				LD_RUNPATH_SEARCH_PATHS = "$(inherited) @executable_path/Frameworks @loader_path/Frameworks";
				PRODUCT_NAME = AlltechTests;
				PROVISIONING_PROFILE = "";
				TEST_HOST = "$(BUILT_PRODUCTS_DIR)/Alltech.app/Alltech";
			};
			name = Release;
		};
/* End XCBuildConfiguration section */

/* Begin XCConfigurationList section */
		EA81B8661A829E2500D77DEC /* Build configuration list for PBXProject "Alltech" */ = {
			isa = XCConfigurationList;
			buildConfigurations = (
				EA81B88F1A829E2600D77DEC /* Debug */,
				EA81B8901A829E2600D77DEC /* Release */,
			);
			defaultConfigurationIsVisible = 0;
			defaultConfigurationName = Release;
		};
		EA81B8911A829E2600D77DEC /* Build configuration list for PBXNativeTarget "Alltech" */ = {
			isa = XCConfigurationList;
			buildConfigurations = (
				EA81B8921A829E2600D77DEC /* Debug */,
				EA81B8931A829E2600D77DEC /* Release */,
			);
			defaultConfigurationIsVisible = 0;
			defaultConfigurationName = Release;
		};
		EA81B8941A829E2600D77DEC /* Build configuration list for PBXNativeTarget "AlltechTests" */ = {
			isa = XCConfigurationList;
			buildConfigurations = (
				EA81B8951A829E2600D77DEC /* Debug */,
				EA81B8961A829E2600D77DEC /* Release */,
			);
			defaultConfigurationIsVisible = 0;
			defaultConfigurationName = Release;
		};
/* End XCConfigurationList section */

/* Begin XCVersionGroup section */
		EA81B8751A829E2500D77DEC /* alltech_final.xcdatamodeld */ = {
			isa = XCVersionGroup;
			children = (
				EA81B8761A829E2500D77DEC /* alltech_final.xcdatamodel */,
			);
			currentVersion = EA81B8761A829E2500D77DEC /* alltech_final.xcdatamodel */;
			path = alltech_final.xcdatamodeld;
			sourceTree = "<group>";
			versionGroupType = wrapper.xcdatamodel;
		};
/* End XCVersionGroup section */
	};
	rootObject = EA81B8631A829E2500D77DEC /* Project object */;
}
